
Microsoft Visual Studio Solution File, Format Version 12.00
# Visual Studio Version 17
VisualStudioVersion = 17.0.31521.260
MinimumVisualStudioVersion = 15.0.26124.0
Project("{2150E333-8FDC-42A3-9474-1A3956D46DE8}") = "src", "src", "{9BFA93E5-2F9D-4252-800C-DF33451FD9D0}"
EndProject
Project("{9A19103F-16F7-4668-BE54-9A1E7A4F7556}") = "NetCore.Infrastructure", "src\NetCore.Infrastructure\NetCore.Infrastructure.csproj", "{003D9B7D-F31C-4CDF-93BA-EA1EA12F7D22}"
EndProject
Project("{2150E333-8FDC-42A3-9474-1A3956D46DE8}") = "Infrastructure", "Infrastructure", "{4C0D24A5-CFEB-4F62-A705-1F33E671B9F1}"
EndProject
Project("{2150E333-8FDC-42A3-9474-1A3956D46DE8}") = "Client", "Client", "{E75F79FE-5A7C-4185-9DBA-C194CFEA5A7F}"
EndProject
Project("{9A19103F-16F7-4668-BE54-9A1E7A4F7556}") = "NetCore.Infrastructure.Database", "src\Infrastructure\NetCore.Infrastructure.Database\NetCore.Infrastructure.Database.csproj", "{AD89B65C-BCFD-4C79-8240-113DD59A53DA}"
EndProject
Project("{2150E333-8FDC-42A3-9474-1A3956D46DE8}") = "Tools", "Tools", "{7DBAB41D-89FC-468B-8C34-1BF77AC98FF8}"
EndProject
Project("{9A19103F-16F7-4668-BE54-9A1E7A4F7556}") = "NetCore.AuthServer", "src\Client\NetCore.AuthServer\NetCore.AuthServer.csproj", "{553A91A1-43CE-450D-B05C-5657B473AED8}"
EndProject
Project("{9A19103F-16F7-4668-BE54-9A1E7A4F7556}") = "NetCore.Tools.Migration", "src\Tools\NetCore.Tools.Migration\NetCore.Tools.Migration.csproj", "{65596A9E-6173-4ABF-9EE4-E9D86779CFE9}"
EndProject
Project("{2150E333-8FDC-42A3-9474-1A3956D46DE8}") = "test", "test", "{C9C72436-AA10-4190-909F-9B5D2A810113}"
EndProject
Project("{9A19103F-16F7-4668-BE54-9A1E7A4F7556}") = "NetCore.UnitTests", "test\NetCore.UnitTests\NetCore.UnitTests.csproj", "{FBFCCD29-D972-42A3-8983-6463A711CBA6}"
EndProject
Project("{9A19103F-16F7-4668-BE54-9A1E7A4F7556}") = "NetCore.Api", "src\Client\NetCore.Api\NetCore.Api.csproj", "{37D314FB-6590-4346-8049-D7CD20385185}"
EndProject
Project("{9A19103F-16F7-4668-BE54-9A1E7A4F7556}") = "NetCore.Infrastructure.Database.Models", "src\Infrastructure\NetCore.Infrastructure.Database.Models\NetCore.Infrastructure.Database.Models.csproj", "{451CC32D-A604-4A94-8897-B455F757C8E4}"
EndProject
Project("{9A19103F-16F7-4668-BE54-9A1E7A4F7556}") = "NetCore.Infrastructure.Database.Handlers", "src\Infrastructure\NetCore.Infrastructure.Database.Handlers\NetCore.Infrastructure.Database.Handlers.csproj", "{CFD44FFF-6648-4CC6-9587-D20A46ABA07B}"
EndProject
Global
	GlobalSection(SolutionConfigurationPlatforms) = preSolution
		Debug|Any CPU = Debug|Any CPU
		Debug|x64 = Debug|x64
		Debug|x86 = Debug|x86
		Release|Any CPU = Release|Any CPU
		Release|x64 = Release|x64
		Release|x86 = Release|x86
	EndGlobalSection
	GlobalSection(ProjectConfigurationPlatforms) = postSolution
		{003D9B7D-F31C-4CDF-93BA-EA1EA12F7D22}.Debug|Any CPU.ActiveCfg = Debug|Any CPU
		{003D9B7D-F31C-4CDF-93BA-EA1EA12F7D22}.Debug|Any CPU.Build.0 = Debug|Any CPU
		{003D9B7D-F31C-4CDF-93BA-EA1EA12F7D22}.Debug|x64.ActiveCfg = Debug|Any CPU
		{003D9B7D-F31C-4CDF-93BA-EA1EA12F7D22}.Debug|x64.Build.0 = Debug|Any CPU
		{003D9B7D-F31C-4CDF-93BA-EA1EA12F7D22}.Debug|x86.ActiveCfg = Debug|Any CPU
		{003D9B7D-F31C-4CDF-93BA-EA1EA12F7D22}.Debug|x86.Build.0 = Debug|Any CPU
		{003D9B7D-F31C-4CDF-93BA-EA1EA12F7D22}.Release|Any CPU.ActiveCfg = Release|Any CPU
		{003D9B7D-F31C-4CDF-93BA-EA1EA12F7D22}.Release|Any CPU.Build.0 = Release|Any CPU
		{003D9B7D-F31C-4CDF-93BA-EA1EA12F7D22}.Release|x64.ActiveCfg = Release|Any CPU
		{003D9B7D-F31C-4CDF-93BA-EA1EA12F7D22}.Release|x64.Build.0 = Release|Any CPU
		{003D9B7D-F31C-4CDF-93BA-EA1EA12F7D22}.Release|x86.ActiveCfg = Release|Any CPU
		{003D9B7D-F31C-4CDF-93BA-EA1EA12F7D22}.Release|x86.Build.0 = Release|Any CPU
		{AD89B65C-BCFD-4C79-8240-113DD59A53DA}.Debug|Any CPU.ActiveCfg = Debug|Any CPU
		{AD89B65C-BCFD-4C79-8240-113DD59A53DA}.Debug|Any CPU.Build.0 = Debug|Any CPU
		{AD89B65C-BCFD-4C79-8240-113DD59A53DA}.Debug|x64.ActiveCfg = Debug|Any CPU
		{AD89B65C-BCFD-4C79-8240-113DD59A53DA}.Debug|x64.Build.0 = Debug|Any CPU
		{AD89B65C-BCFD-4C79-8240-113DD59A53DA}.Debug|x86.ActiveCfg = Debug|Any CPU
		{AD89B65C-BCFD-4C79-8240-113DD59A53DA}.Debug|x86.Build.0 = Debug|Any CPU
		{AD89B65C-BCFD-4C79-8240-113DD59A53DA}.Release|Any CPU.ActiveCfg = Release|Any CPU
		{AD89B65C-BCFD-4C79-8240-113DD59A53DA}.Release|Any CPU.Build.0 = Release|Any CPU
		{AD89B65C-BCFD-4C79-8240-113DD59A53DA}.Release|x64.ActiveCfg = Release|Any CPU
		{AD89B65C-BCFD-4C79-8240-113DD59A53DA}.Release|x64.Build.0 = Release|Any CPU
		{AD89B65C-BCFD-4C79-8240-113DD59A53DA}.Release|x86.ActiveCfg = Release|Any CPU
		{AD89B65C-BCFD-4C79-8240-113DD59A53DA}.Release|x86.Build.0 = Release|Any CPU
		{553A91A1-43CE-450D-B05C-5657B473AED8}.Debug|Any CPU.ActiveCfg = Debug|Any CPU
		{553A91A1-43CE-450D-B05C-5657B473AED8}.Debug|Any CPU.Build.0 = Debug|Any CPU
		{553A91A1-43CE-450D-B05C-5657B473AED8}.Debug|x64.ActiveCfg = Debug|Any CPU
		{553A91A1-43CE-450D-B05C-5657B473AED8}.Debug|x64.Build.0 = Debug|Any CPU
		{553A91A1-43CE-450D-B05C-5657B473AED8}.Debug|x86.ActiveCfg = Debug|Any CPU
		{553A91A1-43CE-450D-B05C-5657B473AED8}.Debug|x86.Build.0 = Debug|Any CPU
		{553A91A1-43CE-450D-B05C-5657B473AED8}.Release|Any CPU.ActiveCfg = Release|Any CPU
		{553A91A1-43CE-450D-B05C-5657B473AED8}.Release|Any CPU.Build.0 = Release|Any CPU
		{553A91A1-43CE-450D-B05C-5657B473AED8}.Release|x64.ActiveCfg = Release|Any CPU
		{553A91A1-43CE-450D-B05C-5657B473AED8}.Release|x64.Build.0 = Release|Any CPU
		{553A91A1-43CE-450D-B05C-5657B473AED8}.Release|x86.ActiveCfg = Release|Any CPU
		{553A91A1-43CE-450D-B05C-5657B473AED8}.Release|x86.Build.0 = Release|Any CPU
		{65596A9E-6173-4ABF-9EE4-E9D86779CFE9}.Debug|Any CPU.ActiveCfg = Debug|Any CPU
		{65596A9E-6173-4ABF-9EE4-E9D86779CFE9}.Debug|Any CPU.Build.0 = Debug|Any CPU
		{65596A9E-6173-4ABF-9EE4-E9D86779CFE9}.Debug|x64.ActiveCfg = Debug|Any CPU
		{65596A9E-6173-4ABF-9EE4-E9D86779CFE9}.Debug|x64.Build.0 = Debug|Any CPU
		{65596A9E-6173-4ABF-9EE4-E9D86779CFE9}.Debug|x86.ActiveCfg = Debug|Any CPU
		{65596A9E-6173-4ABF-9EE4-E9D86779CFE9}.Debug|x86.Build.0 = Debug|Any CPU
		{65596A9E-6173-4ABF-9EE4-E9D86779CFE9}.Release|Any CPU.ActiveCfg = Release|Any CPU
		{65596A9E-6173-4ABF-9EE4-E9D86779CFE9}.Release|Any CPU.Build.0 = Release|Any CPU
		{65596A9E-6173-4ABF-9EE4-E9D86779CFE9}.Release|x64.ActiveCfg = Release|Any CPU
		{65596A9E-6173-4ABF-9EE4-E9D86779CFE9}.Release|x64.Build.0 = Release|Any CPU
		{65596A9E-6173-4ABF-9EE4-E9D86779CFE9}.Release|x86.ActiveCfg = Release|Any CPU
		{65596A9E-6173-4ABF-9EE4-E9D86779CFE9}.Release|x86.Build.0 = Release|Any CPU
		{FBFCCD29-D972-42A3-8983-6463A711CBA6}.Debug|Any CPU.ActiveCfg = Debug|Any CPU
		{FBFCCD29-D972-42A3-8983-6463A711CBA6}.Debug|Any CPU.Build.0 = Debug|Any CPU
		{FBFCCD29-D972-42A3-8983-6463A711CBA6}.Debug|x64.ActiveCfg = Debug|Any CPU
		{FBFCCD29-D972-42A3-8983-6463A711CBA6}.Debug|x64.Build.0 = Debug|Any CPU
		{FBFCCD29-D972-42A3-8983-6463A711CBA6}.Debug|x86.ActiveCfg = Debug|Any CPU
		{FBFCCD29-D972-42A3-8983-6463A711CBA6}.Debug|x86.Build.0 = Debug|Any CPU
		{FBFCCD29-D972-42A3-8983-6463A711CBA6}.Release|Any CPU.ActiveCfg = Release|Any CPU
		{FBFCCD29-D972-42A3-8983-6463A711CBA6}.Release|Any CPU.Build.0 = Release|Any CPU
		{FBFCCD29-D972-42A3-8983-6463A711CBA6}.Release|x64.ActiveCfg = Release|Any CPU
		{FBFCCD29-D972-42A3-8983-6463A711CBA6}.Release|x64.Build.0 = Release|Any CPU
		{FBFCCD29-D972-42A3-8983-6463A711CBA6}.Release|x86.ActiveCfg = Release|Any CPU
		{FBFCCD29-D972-42A3-8983-6463A711CBA6}.Release|x86.Build.0 = Release|Any CPU
		{37D314FB-6590-4346-8049-D7CD20385185}.Debug|Any CPU.ActiveCfg = Debug|Any CPU
		{37D314FB-6590-4346-8049-D7CD20385185}.Debug|Any CPU.Build.0 = Debug|Any CPU
		{37D314FB-6590-4346-8049-D7CD20385185}.Debug|x64.ActiveCfg = Debug|Any CPU
		{37D314FB-6590-4346-8049-D7CD20385185}.Debug|x64.Build.0 = Debug|Any CPU
		{37D314FB-6590-4346-8049-D7CD20385185}.Debug|x86.ActiveCfg = Debug|Any CPU
		{37D314FB-6590-4346-8049-D7CD20385185}.Debug|x86.Build.0 = Debug|Any CPU
		{37D314FB-6590-4346-8049-D7CD20385185}.Release|Any CPU.ActiveCfg = Release|Any CPU
		{37D314FB-6590-4346-8049-D7CD20385185}.Release|Any CPU.Build.0 = Release|Any CPU
		{37D314FB-6590-4346-8049-D7CD20385185}.Release|x64.ActiveCfg = Release|Any CPU
		{37D314FB-6590-4346-8049-D7CD20385185}.Release|x64.Build.0 = Release|Any CPU
		{37D314FB-6590-4346-8049-D7CD20385185}.Release|x86.ActiveCfg = Release|Any CPU
		{37D314FB-6590-4346-8049-D7CD20385185}.Release|x86.Build.0 = Release|Any CPU
		{451CC32D-A604-4A94-8897-B455F757C8E4}.Debug|Any CPU.ActiveCfg = Debug|Any CPU
		{451CC32D-A604-4A94-8897-B455F757C8E4}.Debug|Any CPU.Build.0 = Debug|Any CPU
		{451CC32D-A604-4A94-8897-B455F757C8E4}.Debug|x64.ActiveCfg = Debug|Any CPU
		{451CC32D-A604-4A94-8897-B455F757C8E4}.Debug|x64.Build.0 = Debug|Any CPU
		{451CC32D-A604-4A94-8897-B455F757C8E4}.Debug|x86.ActiveCfg = Debug|Any CPU
		{451CC32D-A604-4A94-8897-B455F757C8E4}.Debug|x86.Build.0 = Debug|Any CPU
		{451CC32D-A604-4A94-8897-B455F757C8E4}.Release|Any CPU.ActiveCfg = Release|Any CPU
		{451CC32D-A604-4A94-8897-B455F757C8E4}.Release|Any CPU.Build.0 = Release|Any CPU
		{451CC32D-A604-4A94-8897-B455F757C8E4}.Release|x64.ActiveCfg = Release|Any CPU
		{451CC32D-A604-4A94-8897-B455F757C8E4}.Release|x64.Build.0 = Release|Any CPU
		{451CC32D-A604-4A94-8897-B455F757C8E4}.Release|x86.ActiveCfg = Release|Any CPU
		{451CC32D-A604-4A94-8897-B455F757C8E4}.Release|x86.Build.0 = Release|Any CPU
		{CFD44FFF-6648-4CC6-9587-D20A46ABA07B}.Debug|Any CPU.ActiveCfg = Debug|Any CPU
		{CFD44FFF-6648-4CC6-9587-D20A46ABA07B}.Debug|Any CPU.Build.0 = Debug|Any CPU
		{CFD44FFF-6648-4CC6-9587-D20A46ABA07B}.Debug|x64.ActiveCfg = Debug|Any CPU
		{CFD44FFF-6648-4CC6-9587-D20A46ABA07B}.Debug|x64.Build.0 = Debug|Any CPU
		{CFD44FFF-6648-4CC6-9587-D20A46ABA07B}.Debug|x86.ActiveCfg = Debug|Any CPU
		{CFD44FFF-6648-4CC6-9587-D20A46ABA07B}.Debug|x86.Build.0 = Debug|Any CPU
		{CFD44FFF-6648-4CC6-9587-D20A46ABA07B}.Release|Any CPU.ActiveCfg = Release|Any CPU
		{CFD44FFF-6648-4CC6-9587-D20A46ABA07B}.Release|Any CPU.Build.0 = Release|Any CPU
		{CFD44FFF-6648-4CC6-9587-D20A46ABA07B}.Release|x64.ActiveCfg = Release|Any CPU
		{CFD44FFF-6648-4CC6-9587-D20A46ABA07B}.Release|x64.Build.0 = Release|Any CPU
		{CFD44FFF-6648-4CC6-9587-D20A46ABA07B}.Release|x86.ActiveCfg = Release|Any CPU
		{CFD44FFF-6648-4CC6-9587-D20A46ABA07B}.Release|x86.Build.0 = Release|Any CPU
	EndGlobalSection
	GlobalSection(SolutionProperties) = preSolution
		HideSolutionNode = FALSE
	EndGlobalSection
	GlobalSection(NestedProjects) = preSolution
		{003D9B7D-F31C-4CDF-93BA-EA1EA12F7D22} = {9BFA93E5-2F9D-4252-800C-DF33451FD9D0}
		{4C0D24A5-CFEB-4F62-A705-1F33E671B9F1} = {9BFA93E5-2F9D-4252-800C-DF33451FD9D0}
		{E75F79FE-5A7C-4185-9DBA-C194CFEA5A7F} = {9BFA93E5-2F9D-4252-800C-DF33451FD9D0}
		{AD89B65C-BCFD-4C79-8240-113DD59A53DA} = {4C0D24A5-CFEB-4F62-A705-1F33E671B9F1}
		{7DBAB41D-89FC-468B-8C34-1BF77AC98FF8} = {9BFA93E5-2F9D-4252-800C-DF33451FD9D0}
		{553A91A1-43CE-450D-B05C-5657B473AED8} = {E75F79FE-5A7C-4185-9DBA-C194CFEA5A7F}
		{65596A9E-6173-4ABF-9EE4-E9D86779CFE9} = {7DBAB41D-89FC-468B-8C34-1BF77AC98FF8}
		{FBFCCD29-D972-42A3-8983-6463A711CBA6} = {C9C72436-AA10-4190-909F-9B5D2A810113}
		{37D314FB-6590-4346-8049-D7CD20385185} = {E75F79FE-5A7C-4185-9DBA-C194CFEA5A7F}
		{451CC32D-A604-4A94-8897-B455F757C8E4} = {4C0D24A5-CFEB-4F62-A705-1F33E671B9F1}
		{CFD44FFF-6648-4CC6-9587-D20A46ABA07B} = {4C0D24A5-CFEB-4F62-A705-1F33E671B9F1}
	EndGlobalSection
	GlobalSection(ExtensibilityGlobals) = postSolution
		SolutionGuid = {3ED254EF-E7A9-407B-9BEB-BD49328CE1E8}
	EndGlobalSection
EndGlobal
