
Microsoft Visual Studio Solution File, Format Version 12.00
# Visual Studio 15
VisualStudioVersion = 15.0.28307.421
MinimumVisualStudioVersion = 15.0.26124.0
Project("{2150E333-8FDC-42A3-9474-1A3956D46DE8}") = "src", "src", "{9BFA93E5-2F9D-4252-800C-DF33451FD9D0}"
EndProject
Project("{9A19103F-16F7-4668-BE54-9A1E7A4F7556}") = "NetCore.ImdbDbCrawlConsole", "src\ImdbDbCrawlConsole\NetCore.ImdbDbCrawlConsole.csproj", "{85602C5B-4D37-45E6-B187-959E9D88B776}"
EndProject
Project("{9A19103F-16F7-4668-BE54-9A1E7A4F7556}") = "NetCore.API", "src\NetCore.API\NetCore.API.csproj", "{279D4B9E-CC93-4BEF-BF44-49CD7060B9B1}"
EndProject
Project("{9A19103F-16F7-4668-BE54-9A1E7A4F7556}") = "NetCore.AuthServer", "src\NetCore.AuthServer\NetCore.AuthServer.csproj", "{263A4908-94B7-4C45-8AAF-C85E0C26D0F2}"
EndProject
Project("{9A19103F-16F7-4668-BE54-9A1E7A4F7556}") = "NetCore.ClientConsole", "src\NetCore.ClientConsole\NetCore.ClientConsole.csproj", "{681542AF-7ED4-46FA-8AFC-C0A52EA463FD}"
EndProject
Project("{9A19103F-16F7-4668-BE54-9A1E7A4F7556}") = "NetCore.Infrastructure", "src\NetCore.Infrastructure\NetCore.Infrastructure.csproj", "{003D9B7D-F31C-4CDF-93BA-EA1EA12F7D22}"
EndProject
Project("{FAE04EC0-301F-11D3-BF4B-00C04F79EFBC}") = "NetCore.UnitTests", "src\NetCore.UnitTests\NetCore.UnitTests.csproj", "{72F52C08-091E-42F7-B395-87D3613E03BB}"
EndProject
Global
	GlobalSection(SolutionConfigurationPlatforms) = preSolution
		Debug|Any CPU = Debug|Any CPU
		Debug|x64 = Debug|x64
		Debug|x86 = Debug|x86
		Release|Any CPU = Release|Any CPU
		Release|x64 = Release|x64
		Release|x86 = Release|x86
	EndGlobalSection
	GlobalSection(ProjectConfigurationPlatforms) = postSolution
		{85602C5B-4D37-45E6-B187-959E9D88B776}.Debug|Any CPU.ActiveCfg = Debug|Any CPU
		{85602C5B-4D37-45E6-B187-959E9D88B776}.Debug|Any CPU.Build.0 = Debug|Any CPU
		{85602C5B-4D37-45E6-B187-959E9D88B776}.Debug|x64.ActiveCfg = Debug|Any CPU
		{85602C5B-4D37-45E6-B187-959E9D88B776}.Debug|x64.Build.0 = Debug|Any CPU
		{85602C5B-4D37-45E6-B187-959E9D88B776}.Debug|x86.ActiveCfg = Debug|Any CPU
		{85602C5B-4D37-45E6-B187-959E9D88B776}.Debug|x86.Build.0 = Debug|Any CPU
		{85602C5B-4D37-45E6-B187-959E9D88B776}.Release|Any CPU.ActiveCfg = Release|Any CPU
		{85602C5B-4D37-45E6-B187-959E9D88B776}.Release|Any CPU.Build.0 = Release|Any CPU
		{85602C5B-4D37-45E6-B187-959E9D88B776}.Release|x64.ActiveCfg = Release|Any CPU
		{85602C5B-4D37-45E6-B187-959E9D88B776}.Release|x64.Build.0 = Release|Any CPU
		{85602C5B-4D37-45E6-B187-959E9D88B776}.Release|x86.ActiveCfg = Release|Any CPU
		{85602C5B-4D37-45E6-B187-959E9D88B776}.Release|x86.Build.0 = Release|Any CPU
		{279D4B9E-CC93-4BEF-BF44-49CD7060B9B1}.Debug|Any CPU.ActiveCfg = Debug|Any CPU
		{279D4B9E-CC93-4BEF-BF44-49CD7060B9B1}.Debug|Any CPU.Build.0 = Debug|Any CPU
		{279D4B9E-CC93-4BEF-BF44-49CD7060B9B1}.Debug|x64.ActiveCfg = Debug|Any CPU
		{279D4B9E-CC93-4BEF-BF44-49CD7060B9B1}.Debug|x64.Build.0 = Debug|Any CPU
		{279D4B9E-CC93-4BEF-BF44-49CD7060B9B1}.Debug|x86.ActiveCfg = Debug|Any CPU
		{279D4B9E-CC93-4BEF-BF44-49CD7060B9B1}.Debug|x86.Build.0 = Debug|Any CPU
		{279D4B9E-CC93-4BEF-BF44-49CD7060B9B1}.Release|Any CPU.ActiveCfg = Release|Any CPU
		{279D4B9E-CC93-4BEF-BF44-49CD7060B9B1}.Release|Any CPU.Build.0 = Release|Any CPU
		{279D4B9E-CC93-4BEF-BF44-49CD7060B9B1}.Release|x64.ActiveCfg = Release|Any CPU
		{279D4B9E-CC93-4BEF-BF44-49CD7060B9B1}.Release|x64.Build.0 = Release|Any CPU
		{279D4B9E-CC93-4BEF-BF44-49CD7060B9B1}.Release|x86.ActiveCfg = Release|Any CPU
		{279D4B9E-CC93-4BEF-BF44-49CD7060B9B1}.Release|x86.Build.0 = Release|Any CPU
		{263A4908-94B7-4C45-8AAF-C85E0C26D0F2}.Debug|Any CPU.ActiveCfg = Debug|Any CPU
		{263A4908-94B7-4C45-8AAF-C85E0C26D0F2}.Debug|Any CPU.Build.0 = Debug|Any CPU
		{263A4908-94B7-4C45-8AAF-C85E0C26D0F2}.Debug|x64.ActiveCfg = Debug|Any CPU
		{263A4908-94B7-4C45-8AAF-C85E0C26D0F2}.Debug|x64.Build.0 = Debug|Any CPU
		{263A4908-94B7-4C45-8AAF-C85E0C26D0F2}.Debug|x86.ActiveCfg = Debug|Any CPU
		{263A4908-94B7-4C45-8AAF-C85E0C26D0F2}.Debug|x86.Build.0 = Debug|Any CPU
		{263A4908-94B7-4C45-8AAF-C85E0C26D0F2}.Release|Any CPU.ActiveCfg = Release|Any CPU
		{263A4908-94B7-4C45-8AAF-C85E0C26D0F2}.Release|Any CPU.Build.0 = Release|Any CPU
		{263A4908-94B7-4C45-8AAF-C85E0C26D0F2}.Release|x64.ActiveCfg = Release|Any CPU
		{263A4908-94B7-4C45-8AAF-C85E0C26D0F2}.Release|x64.Build.0 = Release|Any CPU
		{263A4908-94B7-4C45-8AAF-C85E0C26D0F2}.Release|x86.ActiveCfg = Release|Any CPU
		{263A4908-94B7-4C45-8AAF-C85E0C26D0F2}.Release|x86.Build.0 = Release|Any CPU
		{681542AF-7ED4-46FA-8AFC-C0A52EA463FD}.Debug|Any CPU.ActiveCfg = Debug|Any CPU
		{681542AF-7ED4-46FA-8AFC-C0A52EA463FD}.Debug|Any CPU.Build.0 = Debug|Any CPU
		{681542AF-7ED4-46FA-8AFC-C0A52EA463FD}.Debug|x64.ActiveCfg = Debug|Any CPU
		{681542AF-7ED4-46FA-8AFC-C0A52EA463FD}.Debug|x64.Build.0 = Debug|Any CPU
		{681542AF-7ED4-46FA-8AFC-C0A52EA463FD}.Debug|x86.ActiveCfg = Debug|Any CPU
		{681542AF-7ED4-46FA-8AFC-C0A52EA463FD}.Debug|x86.Build.0 = Debug|Any CPU
		{681542AF-7ED4-46FA-8AFC-C0A52EA463FD}.Release|Any CPU.ActiveCfg = Release|Any CPU
		{681542AF-7ED4-46FA-8AFC-C0A52EA463FD}.Release|Any CPU.Build.0 = Release|Any CPU
		{681542AF-7ED4-46FA-8AFC-C0A52EA463FD}.Release|x64.ActiveCfg = Release|Any CPU
		{681542AF-7ED4-46FA-8AFC-C0A52EA463FD}.Release|x64.Build.0 = Release|Any CPU
		{681542AF-7ED4-46FA-8AFC-C0A52EA463FD}.Release|x86.ActiveCfg = Release|Any CPU
		{681542AF-7ED4-46FA-8AFC-C0A52EA463FD}.Release|x86.Build.0 = Release|Any CPU
		{003D9B7D-F31C-4CDF-93BA-EA1EA12F7D22}.Debug|Any CPU.ActiveCfg = Debug|Any CPU
		{003D9B7D-F31C-4CDF-93BA-EA1EA12F7D22}.Debug|Any CPU.Build.0 = Debug|Any CPU
		{003D9B7D-F31C-4CDF-93BA-EA1EA12F7D22}.Debug|x64.ActiveCfg = Debug|Any CPU
		{003D9B7D-F31C-4CDF-93BA-EA1EA12F7D22}.Debug|x64.Build.0 = Debug|Any CPU
		{003D9B7D-F31C-4CDF-93BA-EA1EA12F7D22}.Debug|x86.ActiveCfg = Debug|Any CPU
		{003D9B7D-F31C-4CDF-93BA-EA1EA12F7D22}.Debug|x86.Build.0 = Debug|Any CPU
		{003D9B7D-F31C-4CDF-93BA-EA1EA12F7D22}.Release|Any CPU.ActiveCfg = Release|Any CPU
		{003D9B7D-F31C-4CDF-93BA-EA1EA12F7D22}.Release|Any CPU.Build.0 = Release|Any CPU
		{003D9B7D-F31C-4CDF-93BA-EA1EA12F7D22}.Release|x64.ActiveCfg = Release|Any CPU
		{003D9B7D-F31C-4CDF-93BA-EA1EA12F7D22}.Release|x64.Build.0 = Release|Any CPU
		{003D9B7D-F31C-4CDF-93BA-EA1EA12F7D22}.Release|x86.ActiveCfg = Release|Any CPU
		{003D9B7D-F31C-4CDF-93BA-EA1EA12F7D22}.Release|x86.Build.0 = Release|Any CPU
		{72F52C08-091E-42F7-B395-87D3613E03BB}.Debug|Any CPU.ActiveCfg = Debug|Any CPU
		{72F52C08-091E-42F7-B395-87D3613E03BB}.Debug|Any CPU.Build.0 = Debug|Any CPU
		{72F52C08-091E-42F7-B395-87D3613E03BB}.Debug|x64.ActiveCfg = Debug|Any CPU
		{72F52C08-091E-42F7-B395-87D3613E03BB}.Debug|x64.Build.0 = Debug|Any CPU
		{72F52C08-091E-42F7-B395-87D3613E03BB}.Debug|x86.ActiveCfg = Debug|Any CPU
		{72F52C08-091E-42F7-B395-87D3613E03BB}.Debug|x86.Build.0 = Debug|Any CPU
		{72F52C08-091E-42F7-B395-87D3613E03BB}.Release|Any CPU.ActiveCfg = Release|Any CPU
		{72F52C08-091E-42F7-B395-87D3613E03BB}.Release|Any CPU.Build.0 = Release|Any CPU
		{72F52C08-091E-42F7-B395-87D3613E03BB}.Release|x64.ActiveCfg = Release|Any CPU
		{72F52C08-091E-42F7-B395-87D3613E03BB}.Release|x64.Build.0 = Release|Any CPU
		{72F52C08-091E-42F7-B395-87D3613E03BB}.Release|x86.ActiveCfg = Release|Any CPU
		{72F52C08-091E-42F7-B395-87D3613E03BB}.Release|x86.Build.0 = Release|Any CPU
	EndGlobalSection
	GlobalSection(SolutionProperties) = preSolution
		HideSolutionNode = FALSE
	EndGlobalSection
	GlobalSection(NestedProjects) = preSolution
		{85602C5B-4D37-45E6-B187-959E9D88B776} = {9BFA93E5-2F9D-4252-800C-DF33451FD9D0}
		{279D4B9E-CC93-4BEF-BF44-49CD7060B9B1} = {9BFA93E5-2F9D-4252-800C-DF33451FD9D0}
		{263A4908-94B7-4C45-8AAF-C85E0C26D0F2} = {9BFA93E5-2F9D-4252-800C-DF33451FD9D0}
		{681542AF-7ED4-46FA-8AFC-C0A52EA463FD} = {9BFA93E5-2F9D-4252-800C-DF33451FD9D0}
		{003D9B7D-F31C-4CDF-93BA-EA1EA12F7D22} = {9BFA93E5-2F9D-4252-800C-DF33451FD9D0}
		{72F52C08-091E-42F7-B395-87D3613E03BB} = {9BFA93E5-2F9D-4252-800C-DF33451FD9D0}
	EndGlobalSection
	GlobalSection(ExtensibilityGlobals) = postSolution
		SolutionGuid = {3ED254EF-E7A9-407B-9BEB-BD49328CE1E8}
	EndGlobalSection
EndGlobal
