
Microsoft Visual Studio Solution File, Format Version 12.00
# Visual Studio Version 17
VisualStudioVersion = 17.0.31521.260
MinimumVisualStudioVersion = 15.0.26124.0
Project("{2150E333-8FDC-42A3-9474-1A3956D46DE8}") = "src", "src", "{9BFA93E5-2F9D-4252-800C-DF33451FD9D0}"
EndProject
Project("{2150E333-8FDC-42A3-9474-1A3956D46DE8}") = "test", "test", "{C9C72436-AA10-4190-909F-9B5D2A810113}"
EndProject
Project("{9A19103F-16F7-4668-BE54-9A1E7A4F7556}") = "NetCore.UnitTests", "test\NetCore.UnitTests\NetCore.UnitTests.csproj", "{FBFCCD29-D972-42A3-8983-6463A711CBA6}"
EndProject
Project("{2150E333-8FDC-42A3-9474-1A3956D46DE8}") = "client", "client", "{FAB1179E-8A74-4FEB-A3E5-92C805F46547}"
EndProject
Project("{2150E333-8FDC-42A3-9474-1A3956D46DE8}") = "infrastructure", "infrastructure", "{86FCE9E2-C06F-4ED3-835B-A014EA0B4104}"
EndProject
Project("{2150E333-8FDC-42A3-9474-1A3956D46DE8}") = "tools", "tools", "{62A15B72-542A-4F83-98EB-AF11785EF1E1}"
EndProject
Project("{9A19103F-16F7-4668-BE54-9A1E7A4F7556}") = "NetCore.Api", "src\client\NetCore.Api\NetCore.Api.csproj", "{B537A18F-028C-4FBB-81A0-E807ED42DD37}"
EndProject
Project("{9A19103F-16F7-4668-BE54-9A1E7A4F7556}") = "NetCore.AuthServer", "src\client\NetCore.AuthServer\NetCore.AuthServer.csproj", "{46BBAA58-8B18-43F5-B297-568B7E286735}"
EndProject
Project("{9A19103F-16F7-4668-BE54-9A1E7A4F7556}") = "NetCore.Infrastructure.Database", "src\infrastructure\NetCore.Infrastructure.Database\NetCore.Infrastructure.Database.csproj", "{D7B2914F-1564-4FCC-87FD-F60A20F749DB}"
EndProject
Project("{9A19103F-16F7-4668-BE54-9A1E7A4F7556}") = "NetCore.Infrastructure.Database.Models", "src\infrastructure\NetCore.Infrastructure.Database.Models\NetCore.Infrastructure.Database.Models.csproj", "{23213B5A-0B3F-48F0-A67F-EC97A40B60F0}"
EndProject
Project("{9A19103F-16F7-4668-BE54-9A1E7A4F7556}") = "NetCore.Infrastructure.AuthenticationDatabase", "src\infrastructure\NetCore.Infrastructure.AuthenticationDatabase\NetCore.Infrastructure.AuthenticationDatabase.csproj", "{F79A3266-5FB3-41D4-AB71-CB8F805A90D6}"
EndProject
Project("{9A19103F-16F7-4668-BE54-9A1E7A4F7556}") = "NetCore.Infrastructure.Database.Handlers", "src\infrastructure\NetCore.Infrastructure.Database.Handlers\NetCore.Infrastructure.Database.Handlers.csproj", "{1B8CECB1-62C0-487C-8EEA-3A43F712DB33}"
EndProject
Project("{9A19103F-16F7-4668-BE54-9A1E7A4F7556}") = "NetCore.Tools.Migration", "src\tools\NetCore.Tools.Migration\NetCore.Tools.Migration.csproj", "{AA75FF6C-E0E4-4BF2-9C10-455495F8A8AC}"
EndProject
Project("{2150E333-8FDC-42A3-9474-1A3956D46DE8}") = "shared", "shared", "{70D4B544-224C-4238-8DAC-D2623F420282}"
EndProject
Project("{9A19103F-16F7-4668-BE54-9A1E7A4F7556}") = "NetCore.Shared", "src\shared\NetCore.Shared\NetCore.Shared.csproj", "{FD682A6E-536C-4CA3-B64E-D74D517A2710}"
EndProject
Global
	GlobalSection(SolutionConfigurationPlatforms) = preSolution
		Debug|Any CPU = Debug|Any CPU
		Debug|x64 = Debug|x64
		Debug|x86 = Debug|x86
		Release|Any CPU = Release|Any CPU
		Release|x64 = Release|x64
		Release|x86 = Release|x86
	EndGlobalSection
	GlobalSection(ProjectConfigurationPlatforms) = postSolution
		{FBFCCD29-D972-42A3-8983-6463A711CBA6}.Debug|Any CPU.ActiveCfg = Debug|Any CPU
		{FBFCCD29-D972-42A3-8983-6463A711CBA6}.Debug|Any CPU.Build.0 = Debug|Any CPU
		{FBFCCD29-D972-42A3-8983-6463A711CBA6}.Debug|x64.ActiveCfg = Debug|Any CPU
		{FBFCCD29-D972-42A3-8983-6463A711CBA6}.Debug|x64.Build.0 = Debug|Any CPU
		{FBFCCD29-D972-42A3-8983-6463A711CBA6}.Debug|x86.ActiveCfg = Debug|Any CPU
		{FBFCCD29-D972-42A3-8983-6463A711CBA6}.Debug|x86.Build.0 = Debug|Any CPU
		{FBFCCD29-D972-42A3-8983-6463A711CBA6}.Release|Any CPU.ActiveCfg = Release|Any CPU
		{FBFCCD29-D972-42A3-8983-6463A711CBA6}.Release|Any CPU.Build.0 = Release|Any CPU
		{FBFCCD29-D972-42A3-8983-6463A711CBA6}.Release|x64.ActiveCfg = Release|Any CPU
		{FBFCCD29-D972-42A3-8983-6463A711CBA6}.Release|x64.Build.0 = Release|Any CPU
		{FBFCCD29-D972-42A3-8983-6463A711CBA6}.Release|x86.ActiveCfg = Release|Any CPU
		{FBFCCD29-D972-42A3-8983-6463A711CBA6}.Release|x86.Build.0 = Release|Any CPU
		{B537A18F-028C-4FBB-81A0-E807ED42DD37}.Debug|Any CPU.ActiveCfg = Debug|Any CPU
		{B537A18F-028C-4FBB-81A0-E807ED42DD37}.Debug|Any CPU.Build.0 = Debug|Any CPU
		{B537A18F-028C-4FBB-81A0-E807ED42DD37}.Debug|x64.ActiveCfg = Debug|Any CPU
		{B537A18F-028C-4FBB-81A0-E807ED42DD37}.Debug|x64.Build.0 = Debug|Any CPU
		{B537A18F-028C-4FBB-81A0-E807ED42DD37}.Debug|x86.ActiveCfg = Debug|Any CPU
		{B537A18F-028C-4FBB-81A0-E807ED42DD37}.Debug|x86.Build.0 = Debug|Any CPU
		{B537A18F-028C-4FBB-81A0-E807ED42DD37}.Release|Any CPU.ActiveCfg = Release|Any CPU
		{B537A18F-028C-4FBB-81A0-E807ED42DD37}.Release|Any CPU.Build.0 = Release|Any CPU
		{B537A18F-028C-4FBB-81A0-E807ED42DD37}.Release|x64.ActiveCfg = Release|Any CPU
		{B537A18F-028C-4FBB-81A0-E807ED42DD37}.Release|x64.Build.0 = Release|Any CPU
		{B537A18F-028C-4FBB-81A0-E807ED42DD37}.Release|x86.ActiveCfg = Release|Any CPU
		{B537A18F-028C-4FBB-81A0-E807ED42DD37}.Release|x86.Build.0 = Release|Any CPU
		{46BBAA58-8B18-43F5-B297-568B7E286735}.Debug|Any CPU.ActiveCfg = Debug|Any CPU
		{46BBAA58-8B18-43F5-B297-568B7E286735}.Debug|Any CPU.Build.0 = Debug|Any CPU
		{46BBAA58-8B18-43F5-B297-568B7E286735}.Debug|x64.ActiveCfg = Debug|Any CPU
		{46BBAA58-8B18-43F5-B297-568B7E286735}.Debug|x64.Build.0 = Debug|Any CPU
		{46BBAA58-8B18-43F5-B297-568B7E286735}.Debug|x86.ActiveCfg = Debug|Any CPU
		{46BBAA58-8B18-43F5-B297-568B7E286735}.Debug|x86.Build.0 = Debug|Any CPU
		{46BBAA58-8B18-43F5-B297-568B7E286735}.Release|Any CPU.ActiveCfg = Release|Any CPU
		{46BBAA58-8B18-43F5-B297-568B7E286735}.Release|Any CPU.Build.0 = Release|Any CPU
		{46BBAA58-8B18-43F5-B297-568B7E286735}.Release|x64.ActiveCfg = Release|Any CPU
		{46BBAA58-8B18-43F5-B297-568B7E286735}.Release|x64.Build.0 = Release|Any CPU
		{46BBAA58-8B18-43F5-B297-568B7E286735}.Release|x86.ActiveCfg = Release|Any CPU
		{46BBAA58-8B18-43F5-B297-568B7E286735}.Release|x86.Build.0 = Release|Any CPU
		{D7B2914F-1564-4FCC-87FD-F60A20F749DB}.Debug|Any CPU.ActiveCfg = Debug|Any CPU
		{D7B2914F-1564-4FCC-87FD-F60A20F749DB}.Debug|Any CPU.Build.0 = Debug|Any CPU
		{D7B2914F-1564-4FCC-87FD-F60A20F749DB}.Debug|x64.ActiveCfg = Debug|Any CPU
		{D7B2914F-1564-4FCC-87FD-F60A20F749DB}.Debug|x64.Build.0 = Debug|Any CPU
		{D7B2914F-1564-4FCC-87FD-F60A20F749DB}.Debug|x86.ActiveCfg = Debug|Any CPU
		{D7B2914F-1564-4FCC-87FD-F60A20F749DB}.Debug|x86.Build.0 = Debug|Any CPU
		{D7B2914F-1564-4FCC-87FD-F60A20F749DB}.Release|Any CPU.ActiveCfg = Release|Any CPU
		{D7B2914F-1564-4FCC-87FD-F60A20F749DB}.Release|Any CPU.Build.0 = Release|Any CPU
		{D7B2914F-1564-4FCC-87FD-F60A20F749DB}.Release|x64.ActiveCfg = Release|Any CPU
		{D7B2914F-1564-4FCC-87FD-F60A20F749DB}.Release|x64.Build.0 = Release|Any CPU
		{D7B2914F-1564-4FCC-87FD-F60A20F749DB}.Release|x86.ActiveCfg = Release|Any CPU
		{D7B2914F-1564-4FCC-87FD-F60A20F749DB}.Release|x86.Build.0 = Release|Any CPU
		{23213B5A-0B3F-48F0-A67F-EC97A40B60F0}.Debug|Any CPU.ActiveCfg = Debug|Any CPU
		{23213B5A-0B3F-48F0-A67F-EC97A40B60F0}.Debug|Any CPU.Build.0 = Debug|Any CPU
		{23213B5A-0B3F-48F0-A67F-EC97A40B60F0}.Debug|x64.ActiveCfg = Debug|Any CPU
		{23213B5A-0B3F-48F0-A67F-EC97A40B60F0}.Debug|x64.Build.0 = Debug|Any CPU
		{23213B5A-0B3F-48F0-A67F-EC97A40B60F0}.Debug|x86.ActiveCfg = Debug|Any CPU
		{23213B5A-0B3F-48F0-A67F-EC97A40B60F0}.Debug|x86.Build.0 = Debug|Any CPU
		{23213B5A-0B3F-48F0-A67F-EC97A40B60F0}.Release|Any CPU.ActiveCfg = Release|Any CPU
		{23213B5A-0B3F-48F0-A67F-EC97A40B60F0}.Release|Any CPU.Build.0 = Release|Any CPU
		{23213B5A-0B3F-48F0-A67F-EC97A40B60F0}.Release|x64.ActiveCfg = Release|Any CPU
		{23213B5A-0B3F-48F0-A67F-EC97A40B60F0}.Release|x64.Build.0 = Release|Any CPU
		{23213B5A-0B3F-48F0-A67F-EC97A40B60F0}.Release|x86.ActiveCfg = Release|Any CPU
		{23213B5A-0B3F-48F0-A67F-EC97A40B60F0}.Release|x86.Build.0 = Release|Any CPU
		{F79A3266-5FB3-41D4-AB71-CB8F805A90D6}.Debug|Any CPU.ActiveCfg = Debug|Any CPU
		{F79A3266-5FB3-41D4-AB71-CB8F805A90D6}.Debug|Any CPU.Build.0 = Debug|Any CPU
		{F79A3266-5FB3-41D4-AB71-CB8F805A90D6}.Debug|x64.ActiveCfg = Debug|Any CPU
		{F79A3266-5FB3-41D4-AB71-CB8F805A90D6}.Debug|x64.Build.0 = Debug|Any CPU
		{F79A3266-5FB3-41D4-AB71-CB8F805A90D6}.Debug|x86.ActiveCfg = Debug|Any CPU
		{F79A3266-5FB3-41D4-AB71-CB8F805A90D6}.Debug|x86.Build.0 = Debug|Any CPU
		{F79A3266-5FB3-41D4-AB71-CB8F805A90D6}.Release|Any CPU.ActiveCfg = Release|Any CPU
		{F79A3266-5FB3-41D4-AB71-CB8F805A90D6}.Release|Any CPU.Build.0 = Release|Any CPU
		{F79A3266-5FB3-41D4-AB71-CB8F805A90D6}.Release|x64.ActiveCfg = Release|Any CPU
		{F79A3266-5FB3-41D4-AB71-CB8F805A90D6}.Release|x64.Build.0 = Release|Any CPU
		{F79A3266-5FB3-41D4-AB71-CB8F805A90D6}.Release|x86.ActiveCfg = Release|Any CPU
		{F79A3266-5FB3-41D4-AB71-CB8F805A90D6}.Release|x86.Build.0 = Release|Any CPU
		{1B8CECB1-62C0-487C-8EEA-3A43F712DB33}.Debug|Any CPU.ActiveCfg = Debug|Any CPU
		{1B8CECB1-62C0-487C-8EEA-3A43F712DB33}.Debug|Any CPU.Build.0 = Debug|Any CPU
		{1B8CECB1-62C0-487C-8EEA-3A43F712DB33}.Debug|x64.ActiveCfg = Debug|Any CPU
		{1B8CECB1-62C0-487C-8EEA-3A43F712DB33}.Debug|x64.Build.0 = Debug|Any CPU
		{1B8CECB1-62C0-487C-8EEA-3A43F712DB33}.Debug|x86.ActiveCfg = Debug|Any CPU
		{1B8CECB1-62C0-487C-8EEA-3A43F712DB33}.Debug|x86.Build.0 = Debug|Any CPU
		{1B8CECB1-62C0-487C-8EEA-3A43F712DB33}.Release|Any CPU.ActiveCfg = Release|Any CPU
		{1B8CECB1-62C0-487C-8EEA-3A43F712DB33}.Release|Any CPU.Build.0 = Release|Any CPU
		{1B8CECB1-62C0-487C-8EEA-3A43F712DB33}.Release|x64.ActiveCfg = Release|Any CPU
		{1B8CECB1-62C0-487C-8EEA-3A43F712DB33}.Release|x64.Build.0 = Release|Any CPU
		{1B8CECB1-62C0-487C-8EEA-3A43F712DB33}.Release|x86.ActiveCfg = Release|Any CPU
		{1B8CECB1-62C0-487C-8EEA-3A43F712DB33}.Release|x86.Build.0 = Release|Any CPU
		{AA75FF6C-E0E4-4BF2-9C10-455495F8A8AC}.Debug|Any CPU.ActiveCfg = Debug|Any CPU
		{AA75FF6C-E0E4-4BF2-9C10-455495F8A8AC}.Debug|Any CPU.Build.0 = Debug|Any CPU
		{AA75FF6C-E0E4-4BF2-9C10-455495F8A8AC}.Debug|x64.ActiveCfg = Debug|Any CPU
		{AA75FF6C-E0E4-4BF2-9C10-455495F8A8AC}.Debug|x64.Build.0 = Debug|Any CPU
		{AA75FF6C-E0E4-4BF2-9C10-455495F8A8AC}.Debug|x86.ActiveCfg = Debug|Any CPU
		{AA75FF6C-E0E4-4BF2-9C10-455495F8A8AC}.Debug|x86.Build.0 = Debug|Any CPU
		{AA75FF6C-E0E4-4BF2-9C10-455495F8A8AC}.Release|Any CPU.ActiveCfg = Release|Any CPU
		{AA75FF6C-E0E4-4BF2-9C10-455495F8A8AC}.Release|Any CPU.Build.0 = Release|Any CPU
		{AA75FF6C-E0E4-4BF2-9C10-455495F8A8AC}.Release|x64.ActiveCfg = Release|Any CPU
		{AA75FF6C-E0E4-4BF2-9C10-455495F8A8AC}.Release|x64.Build.0 = Release|Any CPU
		{AA75FF6C-E0E4-4BF2-9C10-455495F8A8AC}.Release|x86.ActiveCfg = Release|Any CPU
		{AA75FF6C-E0E4-4BF2-9C10-455495F8A8AC}.Release|x86.Build.0 = Release|Any CPU
		{FD682A6E-536C-4CA3-B64E-D74D517A2710}.Debug|Any CPU.ActiveCfg = Debug|Any CPU
		{FD682A6E-536C-4CA3-B64E-D74D517A2710}.Debug|Any CPU.Build.0 = Debug|Any CPU
		{FD682A6E-536C-4CA3-B64E-D74D517A2710}.Debug|x64.ActiveCfg = Debug|Any CPU
		{FD682A6E-536C-4CA3-B64E-D74D517A2710}.Debug|x64.Build.0 = Debug|Any CPU
		{FD682A6E-536C-4CA3-B64E-D74D517A2710}.Debug|x86.ActiveCfg = Debug|Any CPU
		{FD682A6E-536C-4CA3-B64E-D74D517A2710}.Debug|x86.Build.0 = Debug|Any CPU
		{FD682A6E-536C-4CA3-B64E-D74D517A2710}.Release|Any CPU.ActiveCfg = Release|Any CPU
		{FD682A6E-536C-4CA3-B64E-D74D517A2710}.Release|Any CPU.Build.0 = Release|Any CPU
		{FD682A6E-536C-4CA3-B64E-D74D517A2710}.Release|x64.ActiveCfg = Release|Any CPU
		{FD682A6E-536C-4CA3-B64E-D74D517A2710}.Release|x64.Build.0 = Release|Any CPU
		{FD682A6E-536C-4CA3-B64E-D74D517A2710}.Release|x86.ActiveCfg = Release|Any CPU
		{FD682A6E-536C-4CA3-B64E-D74D517A2710}.Release|x86.Build.0 = Release|Any CPU
	EndGlobalSection
	GlobalSection(SolutionProperties) = preSolution
		HideSolutionNode = FALSE
	EndGlobalSection
	GlobalSection(NestedProjects) = preSolution
		{FBFCCD29-D972-42A3-8983-6463A711CBA6} = {C9C72436-AA10-4190-909F-9B5D2A810113}
		{FAB1179E-8A74-4FEB-A3E5-92C805F46547} = {9BFA93E5-2F9D-4252-800C-DF33451FD9D0}
		{86FCE9E2-C06F-4ED3-835B-A014EA0B4104} = {9BFA93E5-2F9D-4252-800C-DF33451FD9D0}
		{62A15B72-542A-4F83-98EB-AF11785EF1E1} = {9BFA93E5-2F9D-4252-800C-DF33451FD9D0}
		{B537A18F-028C-4FBB-81A0-E807ED42DD37} = {FAB1179E-8A74-4FEB-A3E5-92C805F46547}
		{46BBAA58-8B18-43F5-B297-568B7E286735} = {FAB1179E-8A74-4FEB-A3E5-92C805F46547}
		{D7B2914F-1564-4FCC-87FD-F60A20F749DB} = {86FCE9E2-C06F-4ED3-835B-A014EA0B4104}
		{23213B5A-0B3F-48F0-A67F-EC97A40B60F0} = {86FCE9E2-C06F-4ED3-835B-A014EA0B4104}
		{F79A3266-5FB3-41D4-AB71-CB8F805A90D6} = {86FCE9E2-C06F-4ED3-835B-A014EA0B4104}
		{1B8CECB1-62C0-487C-8EEA-3A43F712DB33} = {86FCE9E2-C06F-4ED3-835B-A014EA0B4104}
		{AA75FF6C-E0E4-4BF2-9C10-455495F8A8AC} = {62A15B72-542A-4F83-98EB-AF11785EF1E1}
		{70D4B544-224C-4238-8DAC-D2623F420282} = {9BFA93E5-2F9D-4252-800C-DF33451FD9D0}
		{FD682A6E-536C-4CA3-B64E-D74D517A2710} = {70D4B544-224C-4238-8DAC-D2623F420282}
	EndGlobalSection
	GlobalSection(ExtensibilityGlobals) = postSolution
		SolutionGuid = {3ED254EF-E7A9-407B-9BEB-BD49328CE1E8}
	EndGlobalSection
EndGlobal
