<Solution>
  <Folder Name="/solution items/">
    <File Path=".editorconfig" />
    <File Path="Directory.Packages.props" />
    <File Path="../.github/workflows/codeql-analysis.yml" />
    <File Path="../docker-compose.local.yml" />
    <File Path="../docker-compose.prod.yml" />
    <File Path="../.github/workflows/netcore-ci.yml" />
    <File Path="../README.md" />
    <File Path="stylecop.json" />
  </Folder>
  <Folder Name="/client/">
    <Project Path="client\NetCore.Api\NetCore.Api.csproj" />
    <Project Path="client\NetCore.Migration\NetCore.Migration.csproj" />
    <Project Path="client\NetCore.UI\NetCore.UI.csproj" />
    <Project Path="client\NetCore.AppHost\NetCore.AppHost.csproj" />
    <Folder Name="/NetCore/">
      <Project Path="client\NetCore\NetCore.ServiceDefaults\NetCore.ServiceDefaults.csproj" Type="C#" />
    </Folder>
  </Folder>
  <Folder Name="/src/">
    <Project Path="NetCore.Application\NetCore.Application.csproj" />
    <Project Path="NetCore.Domain\NetCore.Domain.csproj" />
    <Project Path="NetCore.Infrastructure.Database\NetCore.Infrastructure.Database.csproj" />
    <Project Path="NetCore.ServiceDefaults/NetCore.ServiceDefaults.csproj" />
  </Folder>
  <Folder Name="/test/">
    <Project Path="test\NetCore.Application.Tests\NetCore.Application.Tests.csproj" />
    <Project Path="test\NetCore.Infrastructure.Database.Tests\NetCore.Infrastructure.Database.Tests.csproj" />
    <Project Path="test\NetCore.Api.Tests\NetCore.Api.Tests.csproj" />
    <Project Path="test\NetCore.Domain.Tests\NetCore.Domain.Tests.csproj" />
  </Folder>
</Solution>
