
Microsoft Visual Studio Solution File, Format Version 12.00
# Visual Studio Version 16
VisualStudioVersion = 16.0.31613.86
MinimumVisualStudioVersion = 15.0.26124.0
Project("{2150E333-8FDC-42A3-9474-1A3956D46DE8}") = "src", "src", "{9BFA93E5-2F9D-4252-800C-DF33451FD9D0}"
EndProject
Project("{2150E333-8FDC-42A3-9474-1A3956D46DE8}") = "client", "client", "{FAB1179E-8A74-4FEB-A3E5-92C805F46547}"
EndProject
Project("{2150E333-8FDC-42A3-9474-1A3956D46DE8}") = "infrastructure", "infrastructure", "{86FCE9E2-C06F-4ED3-835B-A014EA0B4104}"
EndProject
Project("{2150E333-8FDC-42A3-9474-1A3956D46DE8}") = "tools", "tools", "{62A15B72-542A-4F83-98EB-AF11785EF1E1}"
EndProject
Project("{2150E333-8FDC-42A3-9474-1A3956D46DE8}") = "shared", "shared", "{70D4B544-224C-4238-8DAC-D2623F420282}"
EndProject
Project("{9A19103F-16F7-4668-BE54-9A1E7A4F7556}") = "NetCore.Api", "client\NetCore.Api\NetCore.Api.csproj", "{22018D0E-9CD6-4BB7-9281-E1B86526DCB0}"
EndProject
Project("{9A19103F-16F7-4668-BE54-9A1E7A4F7556}") = "NetCore.AuthServer", "client\NetCore.AuthServer\NetCore.AuthServer.csproj", "{283D969A-7D28-4799-B0C9-1431758A1DF2}"
EndProject
Project("{9A19103F-16F7-4668-BE54-9A1E7A4F7556}") = "NetCore.Infrastructure.AuthenticationDatabase", "infrastructure\NetCore.Infrastructure.AuthenticationDatabase\NetCore.Infrastructure.AuthenticationDatabase.csproj", "{3C2BFCAD-C24A-4676-A8BE-302DD398A889}"
EndProject
Project("{9A19103F-16F7-4668-BE54-9A1E7A4F7556}") = "NetCore.Infrastructure.Database", "infrastructure\NetCore.Infrastructure.Database\NetCore.Infrastructure.Database.csproj", "{0AEACEA3-36E1-44BE-93D7-2A40D7BC92F1}"
EndProject
Project("{9A19103F-16F7-4668-BE54-9A1E7A4F7556}") = "NetCore.Infrastructure.Database.Handlers", "infrastructure\NetCore.Infrastructure.Database.Handlers\NetCore.Infrastructure.Database.Handlers.csproj", "{2DDCC193-C8A1-4A5E-B3B7-8A346E3142A9}"
EndProject
Project("{9A19103F-16F7-4668-BE54-9A1E7A4F7556}") = "NetCore.Infrastructure.Database.Models", "infrastructure\NetCore.Infrastructure.Database.Models\NetCore.Infrastructure.Database.Models.csproj", "{46F2A1E8-BADD-4215-9F60-F6F004855D65}"
EndProject
Project("{9A19103F-16F7-4668-BE54-9A1E7A4F7556}") = "NetCore.Shared", "shared\NetCore.Shared\NetCore.Shared.csproj", "{F1A4F1BE-8E4E-4734-B2A6-1C7D49426D3C}"
EndProject
Project("{9A19103F-16F7-4668-BE54-9A1E7A4F7556}") = "NetCore.Tools.Migration", "tools\NetCore.Tools.Migration\NetCore.Tools.Migration.csproj", "{425B61D2-1C08-4EEB-A957-05E22B542521}"
EndProject
Project("{2150E333-8FDC-42A3-9474-1A3956D46DE8}") = "test", "test", "{5F5203B0-B223-44C9-AE93-308ADBCD1113}"
EndProject
Project("{9A19103F-16F7-4668-BE54-9A1E7A4F7556}") = "NetCore.UnitTests", "test\NetCore.UnitTests\NetCore.UnitTests.csproj", "{0510D941-0747-480A-B790-D280934630FB}"
EndProject
Global
	GlobalSection(SolutionConfigurationPlatforms) = preSolution
		Debug|Any CPU = Debug|Any CPU
		Debug|x64 = Debug|x64
		Debug|x86 = Debug|x86
		Release|Any CPU = Release|Any CPU
		Release|x64 = Release|x64
		Release|x86 = Release|x86
	EndGlobalSection
	GlobalSection(ProjectConfigurationPlatforms) = postSolution
		{22018D0E-9CD6-4BB7-9281-E1B86526DCB0}.Debug|Any CPU.ActiveCfg = Debug|Any CPU
		{22018D0E-9CD6-4BB7-9281-E1B86526DCB0}.Debug|Any CPU.Build.0 = Debug|Any CPU
		{22018D0E-9CD6-4BB7-9281-E1B86526DCB0}.Debug|x64.ActiveCfg = Debug|Any CPU
		{22018D0E-9CD6-4BB7-9281-E1B86526DCB0}.Debug|x64.Build.0 = Debug|Any CPU
		{22018D0E-9CD6-4BB7-9281-E1B86526DCB0}.Debug|x86.ActiveCfg = Debug|Any CPU
		{22018D0E-9CD6-4BB7-9281-E1B86526DCB0}.Debug|x86.Build.0 = Debug|Any CPU
		{22018D0E-9CD6-4BB7-9281-E1B86526DCB0}.Release|Any CPU.ActiveCfg = Release|Any CPU
		{22018D0E-9CD6-4BB7-9281-E1B86526DCB0}.Release|Any CPU.Build.0 = Release|Any CPU
		{22018D0E-9CD6-4BB7-9281-E1B86526DCB0}.Release|x64.ActiveCfg = Release|Any CPU
		{22018D0E-9CD6-4BB7-9281-E1B86526DCB0}.Release|x64.Build.0 = Release|Any CPU
		{22018D0E-9CD6-4BB7-9281-E1B86526DCB0}.Release|x86.ActiveCfg = Release|Any CPU
		{22018D0E-9CD6-4BB7-9281-E1B86526DCB0}.Release|x86.Build.0 = Release|Any CPU
		{283D969A-7D28-4799-B0C9-1431758A1DF2}.Debug|Any CPU.ActiveCfg = Debug|Any CPU
		{283D969A-7D28-4799-B0C9-1431758A1DF2}.Debug|Any CPU.Build.0 = Debug|Any CPU
		{283D969A-7D28-4799-B0C9-1431758A1DF2}.Debug|x64.ActiveCfg = Debug|Any CPU
		{283D969A-7D28-4799-B0C9-1431758A1DF2}.Debug|x64.Build.0 = Debug|Any CPU
		{283D969A-7D28-4799-B0C9-1431758A1DF2}.Debug|x86.ActiveCfg = Debug|Any CPU
		{283D969A-7D28-4799-B0C9-1431758A1DF2}.Debug|x86.Build.0 = Debug|Any CPU
		{283D969A-7D28-4799-B0C9-1431758A1DF2}.Release|Any CPU.ActiveCfg = Release|Any CPU
		{283D969A-7D28-4799-B0C9-1431758A1DF2}.Release|Any CPU.Build.0 = Release|Any CPU
		{283D969A-7D28-4799-B0C9-1431758A1DF2}.Release|x64.ActiveCfg = Release|Any CPU
		{283D969A-7D28-4799-B0C9-1431758A1DF2}.Release|x64.Build.0 = Release|Any CPU
		{283D969A-7D28-4799-B0C9-1431758A1DF2}.Release|x86.ActiveCfg = Release|Any CPU
		{283D969A-7D28-4799-B0C9-1431758A1DF2}.Release|x86.Build.0 = Release|Any CPU
		{3C2BFCAD-C24A-4676-A8BE-302DD398A889}.Debug|Any CPU.ActiveCfg = Debug|Any CPU
		{3C2BFCAD-C24A-4676-A8BE-302DD398A889}.Debug|Any CPU.Build.0 = Debug|Any CPU
		{3C2BFCAD-C24A-4676-A8BE-302DD398A889}.Debug|x64.ActiveCfg = Debug|Any CPU
		{3C2BFCAD-C24A-4676-A8BE-302DD398A889}.Debug|x64.Build.0 = Debug|Any CPU
		{3C2BFCAD-C24A-4676-A8BE-302DD398A889}.Debug|x86.ActiveCfg = Debug|Any CPU
		{3C2BFCAD-C24A-4676-A8BE-302DD398A889}.Debug|x86.Build.0 = Debug|Any CPU
		{3C2BFCAD-C24A-4676-A8BE-302DD398A889}.Release|Any CPU.ActiveCfg = Release|Any CPU
		{3C2BFCAD-C24A-4676-A8BE-302DD398A889}.Release|Any CPU.Build.0 = Release|Any CPU
		{3C2BFCAD-C24A-4676-A8BE-302DD398A889}.Release|x64.ActiveCfg = Release|Any CPU
		{3C2BFCAD-C24A-4676-A8BE-302DD398A889}.Release|x64.Build.0 = Release|Any CPU
		{3C2BFCAD-C24A-4676-A8BE-302DD398A889}.Release|x86.ActiveCfg = Release|Any CPU
		{3C2BFCAD-C24A-4676-A8BE-302DD398A889}.Release|x86.Build.0 = Release|Any CPU
		{0AEACEA3-36E1-44BE-93D7-2A40D7BC92F1}.Debug|Any CPU.ActiveCfg = Debug|Any CPU
		{0AEACEA3-36E1-44BE-93D7-2A40D7BC92F1}.Debug|Any CPU.Build.0 = Debug|Any CPU
		{0AEACEA3-36E1-44BE-93D7-2A40D7BC92F1}.Debug|x64.ActiveCfg = Debug|Any CPU
		{0AEACEA3-36E1-44BE-93D7-2A40D7BC92F1}.Debug|x64.Build.0 = Debug|Any CPU
		{0AEACEA3-36E1-44BE-93D7-2A40D7BC92F1}.Debug|x86.ActiveCfg = Debug|Any CPU
		{0AEACEA3-36E1-44BE-93D7-2A40D7BC92F1}.Debug|x86.Build.0 = Debug|Any CPU
		{0AEACEA3-36E1-44BE-93D7-2A40D7BC92F1}.Release|Any CPU.ActiveCfg = Release|Any CPU
		{0AEACEA3-36E1-44BE-93D7-2A40D7BC92F1}.Release|Any CPU.Build.0 = Release|Any CPU
		{0AEACEA3-36E1-44BE-93D7-2A40D7BC92F1}.Release|x64.ActiveCfg = Release|Any CPU
		{0AEACEA3-36E1-44BE-93D7-2A40D7BC92F1}.Release|x64.Build.0 = Release|Any CPU
		{0AEACEA3-36E1-44BE-93D7-2A40D7BC92F1}.Release|x86.ActiveCfg = Release|Any CPU
		{0AEACEA3-36E1-44BE-93D7-2A40D7BC92F1}.Release|x86.Build.0 = Release|Any CPU
		{2DDCC193-C8A1-4A5E-B3B7-8A346E3142A9}.Debug|Any CPU.ActiveCfg = Debug|Any CPU
		{2DDCC193-C8A1-4A5E-B3B7-8A346E3142A9}.Debug|Any CPU.Build.0 = Debug|Any CPU
		{2DDCC193-C8A1-4A5E-B3B7-8A346E3142A9}.Debug|x64.ActiveCfg = Debug|Any CPU
		{2DDCC193-C8A1-4A5E-B3B7-8A346E3142A9}.Debug|x64.Build.0 = Debug|Any CPU
		{2DDCC193-C8A1-4A5E-B3B7-8A346E3142A9}.Debug|x86.ActiveCfg = Debug|Any CPU
		{2DDCC193-C8A1-4A5E-B3B7-8A346E3142A9}.Debug|x86.Build.0 = Debug|Any CPU
		{2DDCC193-C8A1-4A5E-B3B7-8A346E3142A9}.Release|Any CPU.ActiveCfg = Release|Any CPU
		{2DDCC193-C8A1-4A5E-B3B7-8A346E3142A9}.Release|Any CPU.Build.0 = Release|Any CPU
		{2DDCC193-C8A1-4A5E-B3B7-8A346E3142A9}.Release|x64.ActiveCfg = Release|Any CPU
		{2DDCC193-C8A1-4A5E-B3B7-8A346E3142A9}.Release|x64.Build.0 = Release|Any CPU
		{2DDCC193-C8A1-4A5E-B3B7-8A346E3142A9}.Release|x86.ActiveCfg = Release|Any CPU
		{2DDCC193-C8A1-4A5E-B3B7-8A346E3142A9}.Release|x86.Build.0 = Release|Any CPU
		{46F2A1E8-BADD-4215-9F60-F6F004855D65}.Debug|Any CPU.ActiveCfg = Debug|Any CPU
		{46F2A1E8-BADD-4215-9F60-F6F004855D65}.Debug|Any CPU.Build.0 = Debug|Any CPU
		{46F2A1E8-BADD-4215-9F60-F6F004855D65}.Debug|x64.ActiveCfg = Debug|Any CPU
		{46F2A1E8-BADD-4215-9F60-F6F004855D65}.Debug|x64.Build.0 = Debug|Any CPU
		{46F2A1E8-BADD-4215-9F60-F6F004855D65}.Debug|x86.ActiveCfg = Debug|Any CPU
		{46F2A1E8-BADD-4215-9F60-F6F004855D65}.Debug|x86.Build.0 = Debug|Any CPU
		{46F2A1E8-BADD-4215-9F60-F6F004855D65}.Release|Any CPU.ActiveCfg = Release|Any CPU
		{46F2A1E8-BADD-4215-9F60-F6F004855D65}.Release|Any CPU.Build.0 = Release|Any CPU
		{46F2A1E8-BADD-4215-9F60-F6F004855D65}.Release|x64.ActiveCfg = Release|Any CPU
		{46F2A1E8-BADD-4215-9F60-F6F004855D65}.Release|x64.Build.0 = Release|Any CPU
		{46F2A1E8-BADD-4215-9F60-F6F004855D65}.Release|x86.ActiveCfg = Release|Any CPU
		{46F2A1E8-BADD-4215-9F60-F6F004855D65}.Release|x86.Build.0 = Release|Any CPU
		{F1A4F1BE-8E4E-4734-B2A6-1C7D49426D3C}.Debug|Any CPU.ActiveCfg = Debug|Any CPU
		{F1A4F1BE-8E4E-4734-B2A6-1C7D49426D3C}.Debug|Any CPU.Build.0 = Debug|Any CPU
		{F1A4F1BE-8E4E-4734-B2A6-1C7D49426D3C}.Debug|x64.ActiveCfg = Debug|Any CPU
		{F1A4F1BE-8E4E-4734-B2A6-1C7D49426D3C}.Debug|x64.Build.0 = Debug|Any CPU
		{F1A4F1BE-8E4E-4734-B2A6-1C7D49426D3C}.Debug|x86.ActiveCfg = Debug|Any CPU
		{F1A4F1BE-8E4E-4734-B2A6-1C7D49426D3C}.Debug|x86.Build.0 = Debug|Any CPU
		{F1A4F1BE-8E4E-4734-B2A6-1C7D49426D3C}.Release|Any CPU.ActiveCfg = Release|Any CPU
		{F1A4F1BE-8E4E-4734-B2A6-1C7D49426D3C}.Release|Any CPU.Build.0 = Release|Any CPU
		{F1A4F1BE-8E4E-4734-B2A6-1C7D49426D3C}.Release|x64.ActiveCfg = Release|Any CPU
		{F1A4F1BE-8E4E-4734-B2A6-1C7D49426D3C}.Release|x64.Build.0 = Release|Any CPU
		{F1A4F1BE-8E4E-4734-B2A6-1C7D49426D3C}.Release|x86.ActiveCfg = Release|Any CPU
		{F1A4F1BE-8E4E-4734-B2A6-1C7D49426D3C}.Release|x86.Build.0 = Release|Any CPU
		{425B61D2-1C08-4EEB-A957-05E22B542521}.Debug|Any CPU.ActiveCfg = Debug|Any CPU
		{425B61D2-1C08-4EEB-A957-05E22B542521}.Debug|Any CPU.Build.0 = Debug|Any CPU
		{425B61D2-1C08-4EEB-A957-05E22B542521}.Debug|x64.ActiveCfg = Debug|Any CPU
		{425B61D2-1C08-4EEB-A957-05E22B542521}.Debug|x64.Build.0 = Debug|Any CPU
		{425B61D2-1C08-4EEB-A957-05E22B542521}.Debug|x86.ActiveCfg = Debug|Any CPU
		{425B61D2-1C08-4EEB-A957-05E22B542521}.Debug|x86.Build.0 = Debug|Any CPU
		{425B61D2-1C08-4EEB-A957-05E22B542521}.Release|Any CPU.ActiveCfg = Release|Any CPU
		{425B61D2-1C08-4EEB-A957-05E22B542521}.Release|Any CPU.Build.0 = Release|Any CPU
		{425B61D2-1C08-4EEB-A957-05E22B542521}.Release|x64.ActiveCfg = Release|Any CPU
		{425B61D2-1C08-4EEB-A957-05E22B542521}.Release|x64.Build.0 = Release|Any CPU
		{425B61D2-1C08-4EEB-A957-05E22B542521}.Release|x86.ActiveCfg = Release|Any CPU
		{425B61D2-1C08-4EEB-A957-05E22B542521}.Release|x86.Build.0 = Release|Any CPU
		{0510D941-0747-480A-B790-D280934630FB}.Debug|Any CPU.ActiveCfg = Debug|Any CPU
		{0510D941-0747-480A-B790-D280934630FB}.Debug|Any CPU.Build.0 = Debug|Any CPU
		{0510D941-0747-480A-B790-D280934630FB}.Debug|x64.ActiveCfg = Debug|Any CPU
		{0510D941-0747-480A-B790-D280934630FB}.Debug|x64.Build.0 = Debug|Any CPU
		{0510D941-0747-480A-B790-D280934630FB}.Debug|x86.ActiveCfg = Debug|Any CPU
		{0510D941-0747-480A-B790-D280934630FB}.Debug|x86.Build.0 = Debug|Any CPU
		{0510D941-0747-480A-B790-D280934630FB}.Release|Any CPU.ActiveCfg = Release|Any CPU
		{0510D941-0747-480A-B790-D280934630FB}.Release|Any CPU.Build.0 = Release|Any CPU
		{0510D941-0747-480A-B790-D280934630FB}.Release|x64.ActiveCfg = Release|Any CPU
		{0510D941-0747-480A-B790-D280934630FB}.Release|x64.Build.0 = Release|Any CPU
		{0510D941-0747-480A-B790-D280934630FB}.Release|x86.ActiveCfg = Release|Any CPU
		{0510D941-0747-480A-B790-D280934630FB}.Release|x86.Build.0 = Release|Any CPU
	EndGlobalSection
	GlobalSection(SolutionProperties) = preSolution
		HideSolutionNode = FALSE
	EndGlobalSection
	GlobalSection(NestedProjects) = preSolution
		{FAB1179E-8A74-4FEB-A3E5-92C805F46547} = {9BFA93E5-2F9D-4252-800C-DF33451FD9D0}
		{86FCE9E2-C06F-4ED3-835B-A014EA0B4104} = {9BFA93E5-2F9D-4252-800C-DF33451FD9D0}
		{62A15B72-542A-4F83-98EB-AF11785EF1E1} = {9BFA93E5-2F9D-4252-800C-DF33451FD9D0}
		{70D4B544-224C-4238-8DAC-D2623F420282} = {9BFA93E5-2F9D-4252-800C-DF33451FD9D0}
		{22018D0E-9CD6-4BB7-9281-E1B86526DCB0} = {FAB1179E-8A74-4FEB-A3E5-92C805F46547}
		{283D969A-7D28-4799-B0C9-1431758A1DF2} = {FAB1179E-8A74-4FEB-A3E5-92C805F46547}
		{3C2BFCAD-C24A-4676-A8BE-302DD398A889} = {86FCE9E2-C06F-4ED3-835B-A014EA0B4104}
		{0AEACEA3-36E1-44BE-93D7-2A40D7BC92F1} = {86FCE9E2-C06F-4ED3-835B-A014EA0B4104}
		{2DDCC193-C8A1-4A5E-B3B7-8A346E3142A9} = {86FCE9E2-C06F-4ED3-835B-A014EA0B4104}
		{46F2A1E8-BADD-4215-9F60-F6F004855D65} = {86FCE9E2-C06F-4ED3-835B-A014EA0B4104}
		{F1A4F1BE-8E4E-4734-B2A6-1C7D49426D3C} = {70D4B544-224C-4238-8DAC-D2623F420282}
		{425B61D2-1C08-4EEB-A957-05E22B542521} = {62A15B72-542A-4F83-98EB-AF11785EF1E1}
		{5F5203B0-B223-44C9-AE93-308ADBCD1113} = {9BFA93E5-2F9D-4252-800C-DF33451FD9D0}
		{0510D941-0747-480A-B790-D280934630FB} = {5F5203B0-B223-44C9-AE93-308ADBCD1113}
	EndGlobalSection
	GlobalSection(ExtensibilityGlobals) = postSolution
		SolutionGuid = {3ED254EF-E7A9-407B-9BEB-BD49328CE1E8}
	EndGlobalSection
EndGlobal
