
Microsoft Visual Studio Solution File, Format Version 12.00
# Visual Studio Version 17
VisualStudioVersion = 17.0.31717.71
MinimumVisualStudioVersion = 10.0.40219.1
Project("{2150E333-8FDC-42A3-9474-1A3956D46DE8}") = "client", "client", "{13530044-21F0-4198-BA59-3E74A1B0509D}"
EndProject
Project("{9A19103F-16F7-4668-BE54-9A1E7A4F7556}") = "NetCore.Api", "client\NetCore.Api\NetCore.Api.csproj", "{0189A896-82DB-491A-9246-B57AC0EBABA7}"
EndProject
Project("{2150E333-8FDC-42A3-9474-1A3956D46DE8}") = "test", "test", "{8CF5EDB0-4E23-4832-ABF2-3A0C4086713A}"
EndProject
Project("{9A19103F-16F7-4668-BE54-9A1E7A4F7556}") = "NetCore.Migration", "client\NetCore.Migration\NetCore.Migration.csproj", "{0E0EB791-10C5-48C4-9359-DEA0630ECE82}"
EndProject
Project("{2150E333-8FDC-42A3-9474-1A3956D46DE8}") = "solution items", "solution items", "{75712FA5-A9EE-4261-B93A-C2E165018B5C}"
	ProjectSection(SolutionItems) = preProject
		..\.env = ..\.env
		..\.github\workflows\codeql-analysis.yml = ..\.github\workflows\codeql-analysis.yml
		..\docker-compose.local.yml = ..\docker-compose.local.yml
		..\docker-compose.prod.yml = ..\docker-compose.prod.yml
		..\.github\workflows\netcore-ci.yml = ..\.github\workflows\netcore-ci.yml
		..\README.md = ..\README.md
		stylecop.json = stylecop.json
	EndProjectSection
EndProject
Project("{2150E333-8FDC-42A3-9474-1A3956D46DE8}") = "src", "src", "{5FD87089-CAC6-4226-8CF5-E41615C495C7}"
EndProject
Project("{9A19103F-16F7-4668-BE54-9A1E7A4F7556}") = "NetCore.Application", "NetCore.Application\NetCore.Application.csproj", "{FEEFFC76-11AC-4C7B-99C6-A58F7FD60EB8}"
EndProject
Project("{9A19103F-16F7-4668-BE54-9A1E7A4F7556}") = "NetCore.Domain", "NetCore.Domain\NetCore.Domain.csproj", "{CB8DD008-C8CA-4380-B77B-B22559E3D666}"
EndProject
Project("{9A19103F-16F7-4668-BE54-9A1E7A4F7556}") = "NetCore.Infrastructure.Database", "NetCore.Infrastructure.Database\NetCore.Infrastructure.Database.csproj", "{2AB8EF0E-0CAC-45D0-A9F0-73F30534E4C0}"
EndProject
Project("{9A19103F-16F7-4668-BE54-9A1E7A4F7556}") = "NetCore.Application.Tests", "test\NetCore.Application.Tests\NetCore.Application.Tests.csproj", "{1B0C2F55-E2CC-4A51-BC72-35C8197A5608}"
EndProject
Project("{9A19103F-16F7-4668-BE54-9A1E7A4F7556}") = "NetCore.Infrastructure.Database.Tests", "test\NetCore.Infrastructure.Database.Tests\NetCore.Infrastructure.Database.Tests.csproj", "{C6E5494A-B56A-4C18-BC40-E77F6106929C}"
EndProject
Project("{9A19103F-16F7-4668-BE54-9A1E7A4F7556}") = "NetCore.UI", "client\NetCore.UI\NetCore.UI.csproj", "{9EEAAA40-30B8-42E4-BF8F-DBB63809DEA4}"
EndProject
Project("{9A19103F-16F7-4668-BE54-9A1E7A4F7556}") = "NetCore.AppHost", "client\NetCore\NetCore.AppHost\NetCore.AppHost.csproj", "{C3A25658-0FEB-4937-BF14-2F4275792836}"
EndProject
Project("{9A19103F-16F7-4668-BE54-9A1E7A4F7556}") = "NetCore.ServiceDefaults", "client\NetCore\NetCore.ServiceDefaults\NetCore.ServiceDefaults.csproj", "{166EB445-73E8-487D-9C59-0BC5B07590B6}"
EndProject
Global
	GlobalSection(SolutionConfigurationPlatforms) = preSolution
		Debug|Any CPU = Debug|Any CPU
		Release|Any CPU = Release|Any CPU
	EndGlobalSection
	GlobalSection(ProjectConfigurationPlatforms) = postSolution
		{0189A896-82DB-491A-9246-B57AC0EBABA7}.Debug|Any CPU.ActiveCfg = Debug|Any CPU
		{0189A896-82DB-491A-9246-B57AC0EBABA7}.Debug|Any CPU.Build.0 = Debug|Any CPU
		{0189A896-82DB-491A-9246-B57AC0EBABA7}.Release|Any CPU.ActiveCfg = Release|Any CPU
		{0189A896-82DB-491A-9246-B57AC0EBABA7}.Release|Any CPU.Build.0 = Release|Any CPU
		{0E0EB791-10C5-48C4-9359-DEA0630ECE82}.Debug|Any CPU.ActiveCfg = Debug|Any CPU
		{0E0EB791-10C5-48C4-9359-DEA0630ECE82}.Debug|Any CPU.Build.0 = Debug|Any CPU
		{0E0EB791-10C5-48C4-9359-DEA0630ECE82}.Release|Any CPU.ActiveCfg = Release|Any CPU
		{0E0EB791-10C5-48C4-9359-DEA0630ECE82}.Release|Any CPU.Build.0 = Release|Any CPU
		{FEEFFC76-11AC-4C7B-99C6-A58F7FD60EB8}.Debug|Any CPU.ActiveCfg = Debug|Any CPU
		{FEEFFC76-11AC-4C7B-99C6-A58F7FD60EB8}.Debug|Any CPU.Build.0 = Debug|Any CPU
		{FEEFFC76-11AC-4C7B-99C6-A58F7FD60EB8}.Release|Any CPU.ActiveCfg = Release|Any CPU
		{FEEFFC76-11AC-4C7B-99C6-A58F7FD60EB8}.Release|Any CPU.Build.0 = Release|Any CPU
		{CB8DD008-C8CA-4380-B77B-B22559E3D666}.Debug|Any CPU.ActiveCfg = Debug|Any CPU
		{CB8DD008-C8CA-4380-B77B-B22559E3D666}.Debug|Any CPU.Build.0 = Debug|Any CPU
		{CB8DD008-C8CA-4380-B77B-B22559E3D666}.Release|Any CPU.ActiveCfg = Release|Any CPU
		{CB8DD008-C8CA-4380-B77B-B22559E3D666}.Release|Any CPU.Build.0 = Release|Any CPU
		{2AB8EF0E-0CAC-45D0-A9F0-73F30534E4C0}.Debug|Any CPU.ActiveCfg = Debug|Any CPU
		{2AB8EF0E-0CAC-45D0-A9F0-73F30534E4C0}.Debug|Any CPU.Build.0 = Debug|Any CPU
		{2AB8EF0E-0CAC-45D0-A9F0-73F30534E4C0}.Release|Any CPU.ActiveCfg = Release|Any CPU
		{2AB8EF0E-0CAC-45D0-A9F0-73F30534E4C0}.Release|Any CPU.Build.0 = Release|Any CPU
		{1B0C2F55-E2CC-4A51-BC72-35C8197A5608}.Debug|Any CPU.ActiveCfg = Debug|Any CPU
		{1B0C2F55-E2CC-4A51-BC72-35C8197A5608}.Debug|Any CPU.Build.0 = Debug|Any CPU
		{1B0C2F55-E2CC-4A51-BC72-35C8197A5608}.Release|Any CPU.ActiveCfg = Release|Any CPU
		{1B0C2F55-E2CC-4A51-BC72-35C8197A5608}.Release|Any CPU.Build.0 = Release|Any CPU
		{C6E5494A-B56A-4C18-BC40-E77F6106929C}.Debug|Any CPU.ActiveCfg = Debug|Any CPU
		{C6E5494A-B56A-4C18-BC40-E77F6106929C}.Debug|Any CPU.Build.0 = Debug|Any CPU
		{C6E5494A-B56A-4C18-BC40-E77F6106929C}.Release|Any CPU.ActiveCfg = Release|Any CPU
		{C6E5494A-B56A-4C18-BC40-E77F6106929C}.Release|Any CPU.Build.0 = Release|Any CPU
		{9EEAAA40-30B8-42E4-BF8F-DBB63809DEA4}.Debug|Any CPU.ActiveCfg = Debug|Any CPU
		{9EEAAA40-30B8-42E4-BF8F-DBB63809DEA4}.Debug|Any CPU.Build.0 = Debug|Any CPU
		{9EEAAA40-30B8-42E4-BF8F-DBB63809DEA4}.Release|Any CPU.ActiveCfg = Release|Any CPU
		{9EEAAA40-30B8-42E4-BF8F-DBB63809DEA4}.Release|Any CPU.Build.0 = Release|Any CPU
		{C3A25658-0FEB-4937-BF14-2F4275792836}.Debug|Any CPU.ActiveCfg = Debug|Any CPU
		{C3A25658-0FEB-4937-BF14-2F4275792836}.Debug|Any CPU.Build.0 = Debug|Any CPU
		{C3A25658-0FEB-4937-BF14-2F4275792836}.Release|Any CPU.ActiveCfg = Release|Any CPU
		{C3A25658-0FEB-4937-BF14-2F4275792836}.Release|Any CPU.Build.0 = Release|Any CPU
		{166EB445-73E8-487D-9C59-0BC5B07590B6}.Debug|Any CPU.ActiveCfg = Debug|Any CPU
		{166EB445-73E8-487D-9C59-0BC5B07590B6}.Debug|Any CPU.Build.0 = Debug|Any CPU
		{166EB445-73E8-487D-9C59-0BC5B07590B6}.Release|Any CPU.ActiveCfg = Release|Any CPU
		{166EB445-73E8-487D-9C59-0BC5B07590B6}.Release|Any CPU.Build.0 = Release|Any CPU
	EndGlobalSection
	GlobalSection(SolutionProperties) = preSolution
		HideSolutionNode = FALSE
	EndGlobalSection
	GlobalSection(NestedProjects) = preSolution
		{13530044-21F0-4198-BA59-3E74A1B0509D} = {5FD87089-CAC6-4226-8CF5-E41615C495C7}
		{0189A896-82DB-491A-9246-B57AC0EBABA7} = {13530044-21F0-4198-BA59-3E74A1B0509D}
		{0E0EB791-10C5-48C4-9359-DEA0630ECE82} = {13530044-21F0-4198-BA59-3E74A1B0509D}
		{FEEFFC76-11AC-4C7B-99C6-A58F7FD60EB8} = {5FD87089-CAC6-4226-8CF5-E41615C495C7}
		{CB8DD008-C8CA-4380-B77B-B22559E3D666} = {5FD87089-CAC6-4226-8CF5-E41615C495C7}
		{2AB8EF0E-0CAC-45D0-A9F0-73F30534E4C0} = {5FD87089-CAC6-4226-8CF5-E41615C495C7}
		{1B0C2F55-E2CC-4A51-BC72-35C8197A5608} = {8CF5EDB0-4E23-4832-ABF2-3A0C4086713A}
		{C6E5494A-B56A-4C18-BC40-E77F6106929C} = {8CF5EDB0-4E23-4832-ABF2-3A0C4086713A}
		{9EEAAA40-30B8-42E4-BF8F-DBB63809DEA4} = {13530044-21F0-4198-BA59-3E74A1B0509D}
		{C3A25658-0FEB-4937-BF14-2F4275792836} = {13530044-21F0-4198-BA59-3E74A1B0509D}
		{166EB445-73E8-487D-9C59-0BC5B07590B6} = {13530044-21F0-4198-BA59-3E74A1B0509D}
	EndGlobalSection
	GlobalSection(ExtensibilityGlobals) = postSolution
		SolutionGuid = {84C310A6-A8D7-4AA3-82EA-8D5FDE8C8000}
	EndGlobalSection
EndGlobal
